// !$*UTF8*$!
{
	archiveVersion = 1;
	classes = {
	};
	objectVersion = 56;
	objects = {

/* Begin PBXBuildFile section */
		F3158AEA2AC1A34D0060DD14 /* AppDelegate.swift in Sources */ = {isa = PBXBuildFile; fileRef = F3158AE92AC1A34D0060DD14 /* AppDelegate.swift */; };
		F3158AEC2AC1A34D0060DD14 /* SceneDelegate.swift in Sources */ = {isa = PBXBuildFile; fileRef = F3158AEB2AC1A34D0060DD14 /* SceneDelegate.swift */; };
		F3158AEE2AC1A34D0060DD14 /* MoviesListView.swift in Sources */ = {isa = PBXBuildFile; fileRef = F3158AED2AC1A34D0060DD14 /* MoviesListView.swift */; };
		F3158AF32AC1A34E0060DD14 /* Assets.xcassets in Resources */ = {isa = PBXBuildFile; fileRef = F3158AF22AC1A34E0060DD14 /* Assets.xcassets */; };
		F3158AF62AC1A34E0060DD14 /* LaunchScreen.storyboard in Resources */ = {isa = PBXBuildFile; fileRef = F3158AF42AC1A34E0060DD14 /* LaunchScreen.storyboard */; };
		F3158B042AC1A7670060DD14 /* SnapKit in Frameworks */ = {isa = PBXBuildFile; productRef = F3158B032AC1A7670060DD14 /* SnapKit */; };
		F3158B062AC1B5440060DD14 /* DetailsViewController.swift in Sources */ = {isa = PBXBuildFile; fileRef = F3158B052AC1B5440060DD14 /* DetailsViewController.swift */; };
/* End PBXBuildFile section */

/* Begin PBXFileReference section */
		F3158AE62AC1A34D0060DD14 /* MoviesList.app */ = {isa = PBXFileReference; explicitFileType = wrapper.application; includeInIndex = 0; path = MoviesList.app; sourceTree = BUILT_PRODUCTS_DIR; };
		F3158AE92AC1A34D0060DD14 /* AppDelegate.swift */ = {isa = PBXFileReference; lastKnownFileType = sourcecode.swift; path = AppDelegate.swift; sourceTree = "<group>"; };
		F3158AEB2AC1A34D0060DD14 /* SceneDelegate.swift */ = {isa = PBXFileReference; lastKnownFileType = sourcecode.swift; path = SceneDelegate.swift; sourceTree = "<group>"; };
		F3158AED2AC1A34D0060DD14 /* MoviesListView.swift */ = {isa = PBXFileReference; lastKnownFileType = sourcecode.swift; path = MoviesListView.swift; sourceTree = "<group>"; };
		F3158AF22AC1A34E0060DD14 /* Assets.xcassets */ = {isa = PBXFileReference; lastKnownFileType = folder.assetcatalog; path = Assets.xcassets; sourceTree = "<group>"; };
		F3158AF52AC1A34E0060DD14 /* Base */ = {isa = PBXFileReference; lastKnownFileType = file.storyboard; name = Base; path = Base.lproj/LaunchScreen.storyboard; sourceTree = "<group>"; };
		F3158AF72AC1A34E0060DD14 /* Info.plist */ = {isa = PBXFileReference; lastKnownFileType = text.plist.xml; path = Info.plist; sourceTree = "<group>"; };
		F3158B052AC1B5440060DD14 /* DetailsViewController.swift */ = {isa = PBXFileReference; lastKnownFileType = sourcecode.swift; path = DetailsViewController.swift; sourceTree = "<group>"; };
/* End PBXFileReference section */

/* Begin PBXFrameworksBuildPhase section */
		F3158AE32AC1A34D0060DD14 /* Frameworks */ = {
			isa = PBXFrameworksBuildPhase;
			buildActionMask = 2147483647;
			files = (
				F3158B042AC1A7670060DD14 /* SnapKit in Frameworks */,
			);
			runOnlyForDeploymentPostprocessing = 0;
		};
/* End PBXFrameworksBuildPhase section */

/* Begin PBXGroup section */
		F3158ADD2AC1A34D0060DD14 = {
			isa = PBXGroup;
			children = (
				F3158AE82AC1A34D0060DD14 /* MoviesList */,
				F3158AE72AC1A34D0060DD14 /* Products */,
			);
			sourceTree = "<group>";
		};
		F3158AE72AC1A34D0060DD14 /* Products */ = {
			isa = PBXGroup;
			children = (
				F3158AE62AC1A34D0060DD14 /* MoviesList.app */,
			);
			name = Products;
			sourceTree = "<group>";
		};
		F3158AE82AC1A34D0060DD14 /* MoviesList */ = {
			isa = PBXGroup;
			children = (
				F3158AFE2AC1A5770060DD14 /* Sources */,
				F3158AFF2AC1A5850060DD14 /* Resources */,
			);
			path = MoviesList;
			sourceTree = "<group>";
		};
		F3158AFD2AC1A5070060DD14 /* App */ = {
			isa = PBXGroup;
			children = (
				F3158AE92AC1A34D0060DD14 /* AppDelegate.swift */,
				F3158AEB2AC1A34D0060DD14 /* SceneDelegate.swift */,
			);
			path = App;
			sourceTree = "<group>";
		};
		F3158AFE2AC1A5770060DD14 /* Sources */ = {
			isa = PBXGroup;
			children = (
				F3158AFD2AC1A5070060DD14 /* App */,
				F3158B012AC1A5B70060DD14 /* Scenes */,
			);
			path = Sources;
			sourceTree = "<group>";
		};
		F3158AFF2AC1A5850060DD14 /* Resources */ = {
			isa = PBXGroup;
			children = (
				F3158AF22AC1A34E0060DD14 /* Assets.xcassets */,
				F3158AF42AC1A34E0060DD14 /* LaunchScreen.storyboard */,
				F3158B002AC1A5920060DD14 /* Configutaton */,
			);
			path = Resources;
			sourceTree = "<group>";
		};
		F3158B002AC1A5920060DD14 /* Configutaton */ = {
			isa = PBXGroup;
			children = (
				F3158AF72AC1A34E0060DD14 /* Info.plist */,
			);
			path = Configutaton;
			sourceTree = "<group>";
		};
		F3158B012AC1A5B70060DD14 /* Scenes */ = {
			isa = PBXGroup;
			children = (
				F3158AED2AC1A34D0060DD14 /* MoviesListView.swift */,
				F3158B052AC1B5440060DD14 /* DetailsViewController.swift */,
			);
			path = Scenes;
			sourceTree = "<group>";
		};
/* End PBXGroup section */

/* Begin PBXNativeTarget section */
		F3158AE52AC1A34D0060DD14 /* MoviesList */ = {
			isa = PBXNativeTarget;
			buildConfigurationList = F3158AFA2AC1A34E0060DD14 /* Build configuration list for PBXNativeTarget "MoviesList" */;
			buildPhases = (
				F3158AE22AC1A34D0060DD14 /* Sources */,
				F3158AE32AC1A34D0060DD14 /* Frameworks */,
				F3158AE42AC1A34D0060DD14 /* Resources */,
			);
			buildRules = (
			);
			dependencies = (
			);
			name = MoviesList;
			packageProductDependencies = (
				F3158B032AC1A7670060DD14 /* SnapKit */,
			);
			productName = MoviesList;
			productReference = F3158AE62AC1A34D0060DD14 /* MoviesList.app */;
			productType = "com.apple.product-type.application";
		};
/* End PBXNativeTarget section */

/* Begin PBXProject section */
		F3158ADE2AC1A34D0060DD14 /* Project object */ = {
			isa = PBXProject;
			attributes = {
				BuildIndependentTargetsInParallel = 1;
				LastSwiftUpdateCheck = 1430;
				LastUpgradeCheck = 1430;
				TargetAttributes = {
					F3158AE52AC1A34D0060DD14 = {
						CreatedOnToolsVersion = 14.3.1;
					};
				};
			};
			buildConfigurationList = F3158AE12AC1A34D0060DD14 /* Build configuration list for PBXProject "MoviesList" */;
			compatibilityVersion = "Xcode 14.0";
			developmentRegion = en;
			hasScannedForEncodings = 0;
			knownRegions = (
				en,
				Base,
			);
			mainGroup = F3158ADD2AC1A34D0060DD14;
			packageReferences = (
				F3158B022AC1A7670060DD14 /* XCRemoteSwiftPackageReference "SnapKit" */,
			);
			productRefGroup = F3158AE72AC1A34D0060DD14 /* Products */;
			projectDirPath = "";
			projectRoot = "";
			targets = (
				F3158AE52AC1A34D0060DD14 /* MoviesList */,
			);
		};
/* End PBXProject section */

/* Begin PBXResourcesBuildPhase section */
		F3158AE42AC1A34D0060DD14 /* Resources */ = {
			isa = PBXResourcesBuildPhase;
			buildActionMask = 2147483647;
			files = (
				F3158AF62AC1A34E0060DD14 /* LaunchScreen.storyboard in Resources */,
				F3158AF32AC1A34E0060DD14 /* Assets.xcassets in Resources */,
			);
			runOnlyForDeploymentPostprocessing = 0;
		};
/* End PBXResourcesBuildPhase section */

/* Begin PBXSourcesBuildPhase section */
		F3158AE22AC1A34D0060DD14 /* Sources */ = {
			isa = PBXSourcesBuildPhase;
			buildActionMask = 2147483647;
			files = (
				F3158AEE2AC1A34D0060DD14 /* MoviesListView.swift in Sources */,
				F3158AEA2AC1A34D0060DD14 /* AppDelegate.swift in Sources */,
				F3158AEC2AC1A34D0060DD14 /* SceneDelegate.swift in Sources */,
				F3158B062AC1B5440060DD14 /* DetailsViewController.swift in Sources */,
			);
			runOnlyForDeploymentPostprocessing = 0;
		};
/* End PBXSourcesBuildPhase section */

/* Begin PBXVariantGroup section */
		F3158AF42AC1A34E0060DD14 /* LaunchScreen.storyboard */ = {
			isa = PBXVariantGroup;
			children = (
				F3158AF52AC1A34E0060DD14 /* Base */,
			);
			name = LaunchScreen.storyboard;
			sourceTree = "<group>";
		};
/* End PBXVariantGroup section */

/* Begin XCBuildConfiguration section */
		F3158AF82AC1A34E0060DD14 /* Debug */ = {
			isa = XCBuildConfiguration;
			buildSettings = {
				ALWAYS_SEARCH_USER_PATHS = NO;
				CLANG_ANALYZER_NONNULL = YES;
				CLANG_ANALYZER_NUMBER_OBJECT_CONVERSION = YES_AGGRESSIVE;
				CLANG_CXX_LANGUAGE_STANDARD = "gnu++20";
				CLANG_ENABLE_MODULES = YES;
				CLANG_ENABLE_OBJC_ARC = YES;
				CLANG_ENABLE_OBJC_WEAK = YES;
				CLANG_WARN_BLOCK_CAPTURE_AUTORELEASING = YES;
				CLANG_WARN_BOOL_CONVERSION = YES;
				CLANG_WARN_COMMA = YES;
				CLANG_WARN_CONSTANT_CONVERSION = YES;
				CLANG_WARN_DEPRECATED_OBJC_IMPLEMENTATIONS = YES;
				CLANG_WARN_DIRECT_OBJC_ISA_USAGE = YES_ERROR;
				CLANG_WARN_DOCUMENTATION_COMMENTS = YES;
				CLANG_WARN_EMPTY_BODY = YES;
				CLANG_WARN_ENUM_CONVERSION = YES;
				CLANG_WARN_INFINITE_RECURSION = YES;
				CLANG_WARN_INT_CONVERSION = YES;
				CLANG_WARN_NON_LITERAL_NULL_CONVERSION = YES;
				CLANG_WARN_OBJC_IMPLICIT_RETAIN_SELF = YES;
				CLANG_WARN_OBJC_LITERAL_CONVERSION = YES;
				CLANG_WARN_OBJC_ROOT_CLASS = YES_ERROR;
				CLANG_WARN_QUOTED_INCLUDE_IN_FRAMEWORK_HEADER = YES;
				CLANG_WARN_RANGE_LOOP_ANALYSIS = YES;
				CLANG_WARN_STRICT_PROTOTYPES = YES;
				CLANG_WARN_SUSPICIOUS_MOVE = YES;
				CLANG_WARN_UNGUARDED_AVAILABILITY = YES_AGGRESSIVE;
				CLANG_WARN_UNREACHABLE_CODE = YES;
				CLANG_WARN__DUPLICATE_METHOD_MATCH = YES;
				COPY_PHASE_STRIP = NO;
				DEBUG_INFORMATION_FORMAT = dwarf;
				ENABLE_STRICT_OBJC_MSGSEND = YES;
				ENABLE_TESTABILITY = YES;
				GCC_C_LANGUAGE_STANDARD = gnu11;
				GCC_DYNAMIC_NO_PIC = NO;
				GCC_NO_COMMON_BLOCKS = YES;
				GCC_OPTIMIZATION_LEVEL = 0;
				GCC_PREPROCESSOR_DEFINITIONS = (
					"DEBUG=1",
					"$(inherited)",
				);
				GCC_WARN_64_TO_32_BIT_CONVERSION = YES;
				GCC_WARN_ABOUT_RETURN_TYPE = YES_ERROR;
				GCC_WARN_UNDECLARED_SELECTOR = YES;
				GCC_WARN_UNINITIALIZED_AUTOS = YES_AGGRESSIVE;
				GCC_WARN_UNUSED_FUNCTION = YES;
				GCC_WARN_UNUSED_VARIABLE = YES;
				IPHONEOS_DEPLOYMENT_TARGET = 16.4;
				MTL_ENABLE_DEBUG_INFO = INCLUDE_SOURCE;
				MTL_FAST_MATH = YES;
				ONLY_ACTIVE_ARCH = YES;
				SDKROOT = iphoneos;
				SWIFT_ACTIVE_COMPILATION_CONDITIONS = DEBUG;
				SWIFT_OPTIMIZATION_LEVEL = "-Onone";
			};
			name = Debug;
		};
		F3158AF92AC1A34E0060DD14 /* Release */ = {
			isa = XCBuildConfiguration;
			buildSettings = {
				ALWAYS_SEARCH_USER_PATHS = NO;
				CLANG_ANALYZER_NONNULL = YES;
				CLANG_ANALYZER_NUMBER_OBJECT_CONVERSION = YES_AGGRESSIVE;
				CLANG_CXX_LANGUAGE_STANDARD = "gnu++20";
				CLANG_ENABLE_MODULES = YES;
				CLANG_ENABLE_OBJC_ARC = YES;
				CLANG_ENABLE_OBJC_WEAK = YES;
				CLANG_WARN_BLOCK_CAPTURE_AUTORELEASING = YES;
				CLANG_WARN_BOOL_CONVERSION = YES;
				CLANG_WARN_COMMA = YES;
				CLANG_WARN_CONSTANT_CONVERSION = YES;
				CLANG_WARN_DEPRECATED_OBJC_IMPLEMENTATIONS = YES;
				CLANG_WARN_DIRECT_OBJC_ISA_USAGE = YES_ERROR;
				CLANG_WARN_DOCUMENTATION_COMMENTS = YES;
				CLANG_WARN_EMPTY_BODY = YES;
				CLANG_WARN_ENUM_CONVERSION = YES;
				CLANG_WARN_INFINITE_RECURSION = YES;
				CLANG_WARN_INT_CONVERSION = YES;
				CLANG_WARN_NON_LITERAL_NULL_CONVERSION = YES;
				CLANG_WARN_OBJC_IMPLICIT_RETAIN_SELF = YES;
				CLANG_WARN_OBJC_LITERAL_CONVERSION = YES;
				CLANG_WARN_OBJC_ROOT_CLASS = YES_ERROR;
				CLANG_WARN_QUOTED_INCLUDE_IN_FRAMEWORK_HEADER = YES;
				CLANG_WARN_RANGE_LOOP_ANALYSIS = YES;
				CLANG_WARN_STRICT_PROTOTYPES = YES;
				CLANG_WARN_SUSPICIOUS_MOVE = YES;
				CLANG_WARN_UNGUARDED_AVAILABILITY = YES_AGGRESSIVE;
				CLANG_WARN_UNREACHABLE_CODE = YES;
				CLANG_WARN__DUPLICATE_METHOD_MATCH = YES;
				COPY_PHASE_STRIP = NO;
				DEBUG_INFORMATION_FORMAT = "dwarf-with-dsym";
				ENABLE_NS_ASSERTIONS = NO;
				ENABLE_STRICT_OBJC_MSGSEND = YES;
				GCC_C_LANGUAGE_STANDARD = gnu11;
				GCC_NO_COMMON_BLOCKS = YES;
				GCC_WARN_64_TO_32_BIT_CONVERSION = YES;
				GCC_WARN_ABOUT_RETURN_TYPE = YES_ERROR;
				GCC_WARN_UNDECLARED_SELECTOR = YES;
				GCC_WARN_UNINITIALIZED_AUTOS = YES_AGGRESSIVE;
				GCC_WARN_UNUSED_FUNCTION = YES;
				GCC_WARN_UNUSED_VARIABLE = YES;
				IPHONEOS_DEPLOYMENT_TARGET = 16.4;
				MTL_ENABLE_DEBUG_INFO = NO;
				MTL_FAST_MATH = YES;
				SDKROOT = iphoneos;
				SWIFT_COMPILATION_MODE = wholemodule;
				SWIFT_OPTIMIZATION_LEVEL = "-O";
				VALIDATE_PRODUCT = YES;
			};
			name = Release;
		};
		F3158AFB2AC1A34E0060DD14 /* Debug */ = {
			isa = XCBuildConfiguration;
			buildSettings = {
				ASSETCATALOG_COMPILER_APPICON_NAME = AppIcon;
				ASSETCATALOG_COMPILER_GLOBAL_ACCENT_COLOR_NAME = AccentColor;
				CODE_SIGN_STYLE = Automatic;
				CURRENT_PROJECT_VERSION = 1;
				DEVELOPMENT_TEAM = 9DSLGCL4J8;
				GENERATE_INFOPLIST_FILE = YES;
				INFOPLIST_FILE = MoviesList/Resources/Configutaton/Info.plist;
				INFOPLIST_KEY_UIApplicationSupportsIndirectInputEvents = YES;
				INFOPLIST_KEY_UILaunchStoryboardName = LaunchScreen;
				INFOPLIST_KEY_UISupportedInterfaceOrientations_iPad = "UIInterfaceOrientationPortrait UIInterfaceOrientationPortraitUpsideDown UIInterfaceOrientationLandscapeLeft UIInterfaceOrientationLandscapeRight";
				INFOPLIST_KEY_UISupportedInterfaceOrientations_iPhone = "UIInterfaceOrientationPortrait UIInterfaceOrientationLandscapeLeft UIInterfaceOrientationLandscapeRight";
				LD_RUNPATH_SEARCH_PATHS = (
					"$(inherited)",
					"@executable_path/Frameworks",
				);
				MARKETING_VERSION = 1.0;
				PRODUCT_BUNDLE_IDENTIFIER = com.artyomguzenko.MoviesList;
				PRODUCT_NAME = "$(TARGET_NAME)";
				SWIFT_EMIT_LOC_STRINGS = YES;
				SWIFT_VERSION = 5.0;
				TARGETED_DEVICE_FAMILY = "1,2";
			};
			name = Debug;
		};
		F3158AFC2AC1A34E0060DD14 /* Release */ = {
			isa = XCBuildConfiguration;
			buildSettings = {
				ASSETCATALOG_COMPILER_APPICON_NAME = AppIcon;
				ASSETCATALOG_COMPILER_GLOBAL_ACCENT_COLOR_NAME = AccentColor;
				CODE_SIGN_STYLE = Automatic;
				CURRENT_PROJECT_VERSION = 1;
				DEVELOPMENT_TEAM = 9DSLGCL4J8;
				GENERATE_INFOPLIST_FILE = YES;
				INFOPLIST_FILE = MoviesList/Resources/Configutaton/Info.plist;
				INFOPLIST_KEY_UIApplicationSupportsIndirectInputEvents = YES;
				INFOPLIST_KEY_UILaunchStoryboardName = LaunchScreen;
				INFOPLIST_KEY_UISupportedInterfaceOrientations_iPad = "UIInterfaceOrientationPortrait UIInterfaceOrientationPortraitUpsideDown UIInterfaceOrientationLandscapeLeft UIInterfaceOrientationLandscapeRight";
				INFOPLIST_KEY_UISupportedInterfaceOrientations_iPhone = "UIInterfaceOrientationPortrait UIInterfaceOrientationLandscapeLeft UIInterfaceOrientationLandscapeRight";
				LD_RUNPATH_SEARCH_PATHS = (
					"$(inherited)",
					"@executable_path/Frameworks",
				);
				MARKETING_VERSION = 1.0;
				PRODUCT_BUNDLE_IDENTIFIER = com.artyomguzenko.MoviesList;
				PRODUCT_NAME = "$(TARGET_NAME)";
				SWIFT_EMIT_LOC_STRINGS = YES;
				SWIFT_VERSION = 5.0;
				TARGETED_DEVICE_FAMILY = "1,2";
			};
			name = Release;
		};
/* End XCBuildConfiguration section */

/* Begin XCConfigurationList section */
		F3158AE12AC1A34D0060DD14 /* Build configuration list for PBXProject "MoviesList" */ = {
			isa = XCConfigurationList;
			buildConfigurations = (
				F3158AF82AC1A34E0060DD14 /* Debug */,
				F3158AF92AC1A34E0060DD14 /* Release */,
			);
			defaultConfigurationIsVisible = 0;
			defaultConfigurationName = Release;
		};
		F3158AFA2AC1A34E0060DD14 /* Build configuration list for PBXNativeTarget "MoviesList" */ = {
			isa = XCConfigurationList;
			buildConfigurations = (
				F3158AFB2AC1A34E0060DD14 /* Debug */,
				F3158AFC2AC1A34E0060DD14 /* Release */,
			);
			defaultConfigurationIsVisible = 0;
			defaultConfigurationName = Release;
		};
/* End XCConfigurationList section */

/* Begin XCRemoteSwiftPackageReference section */
		F3158B022AC1A7670060DD14 /* XCRemoteSwiftPackageReference "SnapKit" */ = {
			isa = XCRemoteSwiftPackageReference;
			repositoryURL = "https://github.com/SnapKit/SnapKit.git";
			requirement = {
				kind = upToNextMajorVersion;
				minimumVersion = 5.0.1;
			};
		};
/* End XCRemoteSwiftPackageReference section */

/* Begin XCSwiftPackageProductDependency section */
		F3158B032AC1A7670060DD14 /* SnapKit */ = {
			isa = XCSwiftPackageProductDependency;
			package = F3158B022AC1A7670060DD14 /* XCRemoteSwiftPackageReference "SnapKit" */;
			productName = SnapKit;
		};
/* End XCSwiftPackageProductDependency section */
	};
	rootObject = F3158ADE2AC1A34D0060DD14 /* Project object */;
}
